
Microsoft Visual Studio Solution File, Format Version 12.00
# Visual Studio Version 17
VisualStudioVersion = 17.11.35303.130
MinimumVisualStudioVersion = 10.0.40219.1
Project("{FAE04EC0-301F-11D3-BF4B-00C04F79EFBC}") = "Laboration 1", "Laboration 1\Laboration 1.csproj", "{688E8DFB-42EB-4A93-9D35-C76D38D80C1D}"
EndProject
Global
	GlobalSection(SolutionConfigurationPlatforms) = preSolution
		Debug|Any CPU = Debug|Any CPU
		Release|Any CPU = Release|Any CPU
	EndGlobalSection
	GlobalSection(ProjectConfigurationPlatforms) = postSolution
		{688E8DFB-42EB-4A93-9D35-C76D38D80C1D}.Debug|Any CPU.ActiveCfg = Debug|Any CPU
		{688E8DFB-42EB-4A93-9D35-C76D38D80C1D}.Debug|Any CPU.Build.0 = Debug|Any CPU
		{688E8DFB-42EB-4A93-9D35-C76D38D80C1D}.Release|Any CPU.ActiveCfg = Release|Any CPU
		{688E8DFB-42EB-4A93-9D35-C76D38D80C1D}.Release|Any CPU.Build.0 = Release|Any CPU
	EndGlobalSection
	GlobalSection(SolutionProperties) = preSolution
		HideSolutionNode = FALSE
	EndGlobalSection
	GlobalSection(ExtensibilityGlobals) = postSolution
		SolutionGuid = {8EE5572D-2765-4C23-B7CD-2BB0815BE9F1}
	EndGlobalSection
EndGlobal
